// !$*UTF8*$!
{
	archiveVersion = 1;
	classes = {
	};
	objectVersion = 56;
	objects = {

/* Begin PBXBuildFile section */
		052B09062BF788D400DE6B28 /* APIManager.swift in Sources */ = {isa = PBXBuildFile; fileRef = 052B09052BF788D400DE6B28 /* APIManager.swift */; };
		053A31A32C070D3A005238F0 /* FarmerViewModel.swift in Sources */ = {isa = PBXBuildFile; fileRef = 053A31A22C070D3A005238F0 /* FarmerViewModel.swift */; };
		053A31A52C072A60005238F0 /* Farmer.swift in Sources */ = {isa = PBXBuildFile; fileRef = 053A31A42C072A60005238F0 /* Farmer.swift */; };
		054CA4752BEFB9F200F9BF0B /* EquifarmApp.swift in Sources */ = {isa = PBXBuildFile; fileRef = 054CA4742BEFB9F200F9BF0B /* EquifarmApp.swift */; };
		054CA4772BEFB9F200F9BF0B /* ContentView.swift in Sources */ = {isa = PBXBuildFile; fileRef = 054CA4762BEFB9F200F9BF0B /* ContentView.swift */; };
		054CA4792BEFB9F300F9BF0B /* Assets.xcassets in Resources */ = {isa = PBXBuildFile; fileRef = 054CA4782BEFB9F300F9BF0B /* Assets.xcassets */; };
		054CA47C2BEFB9F300F9BF0B /* Preview Assets.xcassets in Resources */ = {isa = PBXBuildFile; fileRef = 054CA47B2BEFB9F300F9BF0B /* Preview Assets.xcassets */; };
		0579B7802BEFC1610015D3C9 /* AutoOpenPage.swift in Sources */ = {isa = PBXBuildFile; fileRef = 0579B77F2BEFC1610015D3C9 /* AutoOpenPage.swift */; };
		0579B7822BEFC3DD0015D3C9 /* LoginView.swift in Sources */ = {isa = PBXBuildFile; fileRef = 0579B7812BEFC3DD0015D3C9 /* LoginView.swift */; };
		0579B7842BEFC4EF0015D3C9 /* SignUpView.swift in Sources */ = {isa = PBXBuildFile; fileRef = 0579B7832BEFC4EF0015D3C9 /* SignUpView.swift */; };
		0579B7862BEFC6D50015D3C9 /* ResetPasswordPage.swift in Sources */ = {isa = PBXBuildFile; fileRef = 0579B7852BEFC6D50015D3C9 /* ResetPasswordPage.swift */; };
		0579B7882BEFCB8B0015D3C9 /* DashboardView.swift in Sources */ = {isa = PBXBuildFile; fileRef = 0579B7872BEFCB8B0015D3C9 /* DashboardView.swift */; };
		0579B78C2BEFD5E90015D3C9 /* LogoutView.swift in Sources */ = {isa = PBXBuildFile; fileRef = 0579B78B2BEFD5E90015D3C9 /* LogoutView.swift */; };
		058A85062C7CB8EB000E10A8 /* UserRegistration.swift in Sources */ = {isa = PBXBuildFile; fileRef = 058A85052C7CB8EB000E10A8 /* UserRegistration.swift */; };
		059395002C46641B002211C4 /* OpenAISwift in Frameworks */ = {isa = PBXBuildFile; productRef = 059394FF2C46641B002211C4 /* OpenAISwift */; };
		059A3E942C6213A00096DB64 /* OpenAIManager.swift in Sources */ = {isa = PBXBuildFile; fileRef = 059A3E932C6213A00096DB64 /* OpenAIManager.swift */; };
		059A3E962C621ADC0096DB64 /* ChatMessage.swift in Sources */ = {isa = PBXBuildFile; fileRef = 059A3E952C621ADC0096DB64 /* ChatMessage.swift */; };
		05BA38512C0DBC2000C818FE /* develop.xcconfig in Resources */ = {isa = PBXBuildFile; fileRef = 05BA38502C0DBC2000C818FE /* develop.xcconfig */; };
		05BB78E92C0074AB00083550 /* MyFarmView.swift in Sources */ = {isa = PBXBuildFile; fileRef = 05BB78E82C0074AB00083550 /* MyFarmView.swift */; };
		05BB78EB2C0074C600083550 /* FarmInputsView.swift in Sources */ = {isa = PBXBuildFile; fileRef = 05BB78EA2C0074C600083550 /* FarmInputsView.swift */; };
		05BB78ED2C00751100083550 /* ProduceView.swift in Sources */ = {isa = PBXBuildFile; fileRef = 05BB78EC2C00751100083550 /* ProduceView.swift */; };
		05BB78EF2C007A2300083550 /* SupportView.swift in Sources */ = {isa = PBXBuildFile; fileRef = 05BB78EE2C007A2300083550 /* SupportView.swift */; };
		05BB78F12C007A4300083550 /* FarmTechView.swift in Sources */ = {isa = PBXBuildFile; fileRef = 05BB78F02C007A4300083550 /* FarmTechView.swift */; };
		05BB78F32C007A5A00083550 /* ServicesView.swift in Sources */ = {isa = PBXBuildFile; fileRef = 05BB78F22C007A5900083550 /* ServicesView.swift */; };
		05BB78F62C00801400083550 /* TrainingView.swift in Sources */ = {isa = PBXBuildFile; fileRef = 05BB78F52C00801400083550 /* TrainingView.swift */; };
		05BB78F82C00803000083550 /* TransportationView.swift in Sources */ = {isa = PBXBuildFile; fileRef = 05BB78F72C00803000083550 /* TransportationView.swift */; };
		05BB78FA2C008DFB00083550 /* LocationManager.swift in Sources */ = {isa = PBXBuildFile; fileRef = 05BB78F92C008DFB00083550 /* LocationManager.swift */; };
		05BB78FD2C008F5D00083550 /* MapView.swift in Sources */ = {isa = PBXBuildFile; fileRef = 05BB78FC2C008F5D00083550 /* MapView.swift */; };
		05C875E02C45081D0032773D /* Service.swift in Sources */ = {isa = PBXBuildFile; fileRef = 05C875DF2C45081D0032773D /* Service.swift */; };
/* End PBXBuildFile section */

/* Begin PBXFileReference section */
		052B09052BF788D400DE6B28 /* APIManager.swift */ = {isa = PBXFileReference; lastKnownFileType = sourcecode.swift; path = APIManager.swift; sourceTree = "<group>"; };
		053A31A22C070D3A005238F0 /* FarmerViewModel.swift */ = {isa = PBXFileReference; lastKnownFileType = sourcecode.swift; path = FarmerViewModel.swift; sourceTree = "<group>"; };
		053A31A42C072A60005238F0 /* Farmer.swift */ = {isa = PBXFileReference; lastKnownFileType = sourcecode.swift; path = Farmer.swift; sourceTree = "<group>"; };
		054CA4712BEFB9F200F9BF0B /* Equifarm.app */ = {isa = PBXFileReference; explicitFileType = wrapper.application; includeInIndex = 0; path = Equifarm.app; sourceTree = BUILT_PRODUCTS_DIR; };
		054CA4742BEFB9F200F9BF0B /* EquifarmApp.swift */ = {isa = PBXFileReference; lastKnownFileType = sourcecode.swift; path = EquifarmApp.swift; sourceTree = "<group>"; };
		054CA4762BEFB9F200F9BF0B /* ContentView.swift */ = {isa = PBXFileReference; lastKnownFileType = sourcecode.swift; path = ContentView.swift; sourceTree = "<group>"; };
		054CA4782BEFB9F300F9BF0B /* Assets.xcassets */ = {isa = PBXFileReference; lastKnownFileType = folder.assetcatalog; path = Assets.xcassets; sourceTree = "<group>"; };
		054CA47B2BEFB9F300F9BF0B /* Preview Assets.xcassets */ = {isa = PBXFileReference; lastKnownFileType = folder.assetcatalog; path = "Preview Assets.xcassets"; sourceTree = "<group>"; };
		0579B77F2BEFC1610015D3C9 /* AutoOpenPage.swift */ = {isa = PBXFileReference; lastKnownFileType = sourcecode.swift; path = AutoOpenPage.swift; sourceTree = "<group>"; };
		0579B7812BEFC3DD0015D3C9 /* LoginView.swift */ = {isa = PBXFileReference; lastKnownFileType = sourcecode.swift; path = LoginView.swift; sourceTree = "<group>"; };
		0579B7832BEFC4EF0015D3C9 /* SignUpView.swift */ = {isa = PBXFileReference; lastKnownFileType = sourcecode.swift; path = SignUpView.swift; sourceTree = "<group>"; };
		0579B7852BEFC6D50015D3C9 /* ResetPasswordPage.swift */ = {isa = PBXFileReference; lastKnownFileType = sourcecode.swift; path = ResetPasswordPage.swift; sourceTree = "<group>"; };
		0579B7872BEFCB8B0015D3C9 /* DashboardView.swift */ = {isa = PBXFileReference; lastKnownFileType = sourcecode.swift; path = DashboardView.swift; sourceTree = "<group>"; };
		0579B78B2BEFD5E90015D3C9 /* LogoutView.swift */ = {isa = PBXFileReference; lastKnownFileType = sourcecode.swift; path = LogoutView.swift; sourceTree = "<group>"; };
		058A85052C7CB8EB000E10A8 /* UserRegistration.swift */ = {isa = PBXFileReference; lastKnownFileType = sourcecode.swift; path = UserRegistration.swift; sourceTree = "<group>"; };
		059A3E932C6213A00096DB64 /* OpenAIManager.swift */ = {isa = PBXFileReference; lastKnownFileType = sourcecode.swift; path = OpenAIManager.swift; sourceTree = "<group>"; };
		059A3E952C621ADC0096DB64 /* ChatMessage.swift */ = {isa = PBXFileReference; lastKnownFileType = sourcecode.swift; path = ChatMessage.swift; sourceTree = "<group>"; };
		05BA384F2C0DB4B500C818FE /* Info.plist */ = {isa = PBXFileReference; lastKnownFileType = text.plist; path = Info.plist; sourceTree = "<group>"; };
		05BA38502C0DBC2000C818FE /* develop.xcconfig */ = {isa = PBXFileReference; lastKnownFileType = text.xcconfig; path = develop.xcconfig; sourceTree = "<group>"; };
		05BB78E82C0074AB00083550 /* MyFarmView.swift */ = {isa = PBXFileReference; lastKnownFileType = sourcecode.swift; path = MyFarmView.swift; sourceTree = "<group>"; };
		05BB78EA2C0074C600083550 /* FarmInputsView.swift */ = {isa = PBXFileReference; lastKnownFileType = sourcecode.swift; path = FarmInputsView.swift; sourceTree = "<group>"; };
		05BB78EC2C00751100083550 /* ProduceView.swift */ = {isa = PBXFileReference; lastKnownFileType = sourcecode.swift; path = ProduceView.swift; sourceTree = "<group>"; };
		05BB78EE2C007A2300083550 /* SupportView.swift */ = {isa = PBXFileReference; lastKnownFileType = sourcecode.swift; path = SupportView.swift; sourceTree = "<group>"; };
		05BB78F02C007A4300083550 /* FarmTechView.swift */ = {isa = PBXFileReference; lastKnownFileType = sourcecode.swift; path = FarmTechView.swift; sourceTree = "<group>"; };
		05BB78F22C007A5900083550 /* ServicesView.swift */ = {isa = PBXFileReference; lastKnownFileType = sourcecode.swift; path = ServicesView.swift; sourceTree = "<group>"; };
		05BB78F52C00801400083550 /* TrainingView.swift */ = {isa = PBXFileReference; lastKnownFileType = sourcecode.swift; path = TrainingView.swift; sourceTree = "<group>"; };
		05BB78F72C00803000083550 /* TransportationView.swift */ = {isa = PBXFileReference; lastKnownFileType = sourcecode.swift; path = TransportationView.swift; sourceTree = "<group>"; };
		05BB78F92C008DFB00083550 /* LocationManager.swift */ = {isa = PBXFileReference; lastKnownFileType = sourcecode.swift; path = LocationManager.swift; sourceTree = "<group>"; };
		05BB78FC2C008F5D00083550 /* MapView.swift */ = {isa = PBXFileReference; lastKnownFileType = sourcecode.swift; path = MapView.swift; sourceTree = "<group>"; };
		05C875DF2C45081D0032773D /* Service.swift */ = {isa = PBXFileReference; lastKnownFileType = sourcecode.swift; path = Service.swift; sourceTree = "<group>"; };
/* End PBXFileReference section */

/* Begin PBXFrameworksBuildPhase section */
		054CA46E2BEFB9F200F9BF0B /* Frameworks */ = {
			isa = PBXFrameworksBuildPhase;
			buildActionMask = 2147483647;
			files = (
				059395002C46641B002211C4 /* OpenAISwift in Frameworks */,
			);
			runOnlyForDeploymentPostprocessing = 0;
		};
/* End PBXFrameworksBuildPhase section */

/* Begin PBXGroup section */
		050C42392C006DD80026ADCE /* Screens */ = {
			isa = PBXGroup;
			children = (
				05BB78FB2C008E9D00083550 /* Mapping */,
				0579B7812BEFC3DD0015D3C9 /* LoginView.swift */,
				0579B77F2BEFC1610015D3C9 /* AutoOpenPage.swift */,
				0579B7852BEFC6D50015D3C9 /* ResetPasswordPage.swift */,
				0579B7832BEFC4EF0015D3C9 /* SignUpView.swift */,
				0579B78B2BEFD5E90015D3C9 /* LogoutView.swift */,
				054CA4762BEFB9F200F9BF0B /* ContentView.swift */,
				0579B7872BEFCB8B0015D3C9 /* DashboardView.swift */,
				05BB78F42C007A9300083550 /* Dashboard Destinations */,
			);
			path = Screens;
			sourceTree = "<group>";
		};
		050C423A2C006E630026ADCE /* Managers */ = {
			isa = PBXGroup;
			children = (
				058A85072C7CB965000E10A8 /* APIManagers */,
				05BB78F92C008DFB00083550 /* LocationManager.swift */,
				059A3E932C6213A00096DB64 /* OpenAIManager.swift */,
			);
			path = Managers;
			sourceTree = "<group>";
		};
		050C423B2C006ED90026ADCE /* App Module */ = {
			isa = PBXGroup;
			children = (
				054CA4742BEFB9F200F9BF0B /* EquifarmApp.swift */,
			);
			path = "App Module";
			sourceTree = "<group>";
		};
		053A31A12C070CF1005238F0 /* Models */ = {
			isa = PBXGroup;
			children = (
				053A31A42C072A60005238F0 /* Farmer.swift */,
				05C875DF2C45081D0032773D /* Service.swift */,
				059A3E952C621ADC0096DB64 /* ChatMessage.swift */,
				058A85052C7CB8EB000E10A8 /* UserRegistration.swift */,
			);
			path = Models;
			sourceTree = "<group>";
		};
		054CA4682BEFB9F200F9BF0B = {
			isa = PBXGroup;
			children = (
				054CA4732BEFB9F200F9BF0B /* Equifarm */,
				054CA4722BEFB9F200F9BF0B /* Products */,
			);
			sourceTree = "<group>";
		};
		054CA4722BEFB9F200F9BF0B /* Products */ = {
			isa = PBXGroup;
			children = (
				054CA4712BEFB9F200F9BF0B /* Equifarm.app */,
			);
			name = Products;
			sourceTree = "<group>";
		};
		054CA4732BEFB9F200F9BF0B /* Equifarm */ = {
			isa = PBXGroup;
			children = (
				05EB45AC2C3D754700F4DF29 /* ViewModels */,
				05BA384F2C0DB4B500C818FE /* Info.plist */,
				054CA4782BEFB9F300F9BF0B /* Assets.xcassets */,
				050C423B2C006ED90026ADCE /* App Module */,
				050C423A2C006E630026ADCE /* Managers */,
				050C42392C006DD80026ADCE /* Screens */,
				053A31A12C070CF1005238F0 /* Models */,
				054CA47A2BEFB9F300F9BF0B /* Preview Content */,
				05BA38502C0DBC2000C818FE /* develop.xcconfig */,
			);
			path = Equifarm;
			sourceTree = "<group>";
		};
		054CA47A2BEFB9F300F9BF0B /* Preview Content */ = {
			isa = PBXGroup;
			children = (
				054CA47B2BEFB9F300F9BF0B /* Preview Assets.xcassets */,
			);
			path = "Preview Content";
			sourceTree = "<group>";
		};
		058A85072C7CB965000E10A8 /* APIManagers */ = {
			isa = PBXGroup;
			children = (
				052B09052BF788D400DE6B28 /* APIManager.swift */,
			);
			path = APIManagers;
			sourceTree = "<group>";
		};
		05BB78F42C007A9300083550 /* Dashboard Destinations */ = {
			isa = PBXGroup;
			children = (
				05BB78E82C0074AB00083550 /* MyFarmView.swift */,
				05BB78EC2C00751100083550 /* ProduceView.swift */,
				05BB78F22C007A5900083550 /* ServicesView.swift */,
				05BB78EE2C007A2300083550 /* SupportView.swift */,
				05BB78F02C007A4300083550 /* FarmTechView.swift */,
				05BB78EA2C0074C600083550 /* FarmInputsView.swift */,
				05BB78F52C00801400083550 /* TrainingView.swift */,
				05BB78F72C00803000083550 /* TransportationView.swift */,
			);
			path = "Dashboard Destinations";
			sourceTree = "<group>";
		};
		05BB78FB2C008E9D00083550 /* Mapping */ = {
			isa = PBXGroup;
			children = (
				05BB78FC2C008F5D00083550 /* MapView.swift */,
			);
			path = Mapping;
			sourceTree = "<group>";
		};
		05EB45AC2C3D754700F4DF29 /* ViewModels */ = {
			isa = PBXGroup;
			children = (
				053A31A22C070D3A005238F0 /* FarmerViewModel.swift */,
			);
			path = ViewModels;
			sourceTree = "<group>";
		};
/* End PBXGroup section */

/* Begin PBXNativeTarget section */
		054CA4702BEFB9F200F9BF0B /* Equifarm */ = {
			isa = PBXNativeTarget;
			buildConfigurationList = 054CA47F2BEFB9F300F9BF0B /* Build configuration list for PBXNativeTarget "Equifarm" */;
			buildPhases = (
				054CA46D2BEFB9F200F9BF0B /* Sources */,
				054CA46E2BEFB9F200F9BF0B /* Frameworks */,
				054CA46F2BEFB9F200F9BF0B /* Resources */,
			);
			buildRules = (
			);
			dependencies = (
			);
			name = Equifarm;
			packageProductDependencies = (
				059394FF2C46641B002211C4 /* OpenAISwift */,
			);
			productName = Equifarm;
			productReference = 054CA4712BEFB9F200F9BF0B /* Equifarm.app */;
			productType = "com.apple.product-type.application";
		};
/* End PBXNativeTarget section */

/* Begin PBXProject section */
		054CA4692BEFB9F200F9BF0B /* Project object */ = {
			isa = PBXProject;
			attributes = {
				BuildIndependentTargetsInParallel = 1;
				LastSwiftUpdateCheck = 1430;
				LastUpgradeCheck = 1430;
				TargetAttributes = {
					054CA4702BEFB9F200F9BF0B = {
						CreatedOnToolsVersion = 14.3;
					};
				};
			};
			buildConfigurationList = 054CA46C2BEFB9F200F9BF0B /* Build configuration list for PBXProject "Equifarm" */;
			compatibilityVersion = "Xcode 14.0";
			developmentRegion = en;
			hasScannedForEncodings = 0;
			knownRegions = (
				en,
				Base,
			);
			mainGroup = 054CA4682BEFB9F200F9BF0B;
			packageReferences = (
				059394FE2C46641B002211C4 /* XCRemoteSwiftPackageReference "OpenAISwift" */,
			);
			productRefGroup = 054CA4722BEFB9F200F9BF0B /* Products */;
			projectDirPath = "";
			projectRoot = "";
			targets = (
				054CA4702BEFB9F200F9BF0B /* Equifarm */,
			);
		};
/* End PBXProject section */

/* Begin PBXResourcesBuildPhase section */
		054CA46F2BEFB9F200F9BF0B /* Resources */ = {
			isa = PBXResourcesBuildPhase;
			buildActionMask = 2147483647;
			files = (
				054CA47C2BEFB9F300F9BF0B /* Preview Assets.xcassets in Resources */,
				05BA38512C0DBC2000C818FE /* develop.xcconfig in Resources */,
				054CA4792BEFB9F300F9BF0B /* Assets.xcassets in Resources */,
			);
			runOnlyForDeploymentPostprocessing = 0;
		};
/* End PBXResourcesBuildPhase section */

/* Begin PBXSourcesBuildPhase section */
		054CA46D2BEFB9F200F9BF0B /* Sources */ = {
			isa = PBXSourcesBuildPhase;
			buildActionMask = 2147483647;
			files = (
				05BB78F12C007A4300083550 /* FarmTechView.swift in Sources */,
				052B09062BF788D400DE6B28 /* APIManager.swift in Sources */,
				0579B78C2BEFD5E90015D3C9 /* LogoutView.swift in Sources */,
				05BB78ED2C00751100083550 /* ProduceView.swift in Sources */,
				05BB78F62C00801400083550 /* TrainingView.swift in Sources */,
				054CA4772BEFB9F200F9BF0B /* ContentView.swift in Sources */,
				05BB78F32C007A5A00083550 /* ServicesView.swift in Sources */,
				05BB78E92C0074AB00083550 /* MyFarmView.swift in Sources */,
				05BB78FA2C008DFB00083550 /* LocationManager.swift in Sources */,
				059A3E962C621ADC0096DB64 /* ChatMessage.swift in Sources */,
				05BB78EF2C007A2300083550 /* SupportView.swift in Sources */,
				058A85062C7CB8EB000E10A8 /* UserRegistration.swift in Sources */,
				053A31A52C072A60005238F0 /* Farmer.swift in Sources */,
				0579B7842BEFC4EF0015D3C9 /* SignUpView.swift in Sources */,
				0579B7802BEFC1610015D3C9 /* AutoOpenPage.swift in Sources */,
				05BB78F82C00803000083550 /* TransportationView.swift in Sources */,
				053A31A32C070D3A005238F0 /* FarmerViewModel.swift in Sources */,
				0579B7882BEFCB8B0015D3C9 /* DashboardView.swift in Sources */,
				0579B7862BEFC6D50015D3C9 /* ResetPasswordPage.swift in Sources */,
				059A3E942C6213A00096DB64 /* OpenAIManager.swift in Sources */,
				05BB78FD2C008F5D00083550 /* MapView.swift in Sources */,
				0579B7822BEFC3DD0015D3C9 /* LoginView.swift in Sources */,
				05C875E02C45081D0032773D /* Service.swift in Sources */,
				05BB78EB2C0074C600083550 /* FarmInputsView.swift in Sources */,
				054CA4752BEFB9F200F9BF0B /* EquifarmApp.swift in Sources */,
			);
			runOnlyForDeploymentPostprocessing = 0;
		};
/* End PBXSourcesBuildPhase section */

/* Begin XCBuildConfiguration section */
		054CA47D2BEFB9F300F9BF0B /* Debug */ = {
			isa = XCBuildConfiguration;
			buildSettings = {
				ALWAYS_SEARCH_USER_PATHS = NO;
				CLANG_ANALYZER_NONNULL = YES;
				CLANG_ANALYZER_NUMBER_OBJECT_CONVERSION = YES_AGGRESSIVE;
				CLANG_CXX_LANGUAGE_STANDARD = "gnu++20";
				CLANG_ENABLE_MODULES = YES;
				CLANG_ENABLE_OBJC_ARC = YES;
				CLANG_ENABLE_OBJC_WEAK = YES;
				CLANG_WARN_BLOCK_CAPTURE_AUTORELEASING = YES;
				CLANG_WARN_BOOL_CONVERSION = YES;
				CLANG_WARN_COMMA = YES;
				CLANG_WARN_CONSTANT_CONVERSION = YES;
				CLANG_WARN_DEPRECATED_OBJC_IMPLEMENTATIONS = YES;
				CLANG_WARN_DIRECT_OBJC_ISA_USAGE = YES_ERROR;
				CLANG_WARN_DOCUMENTATION_COMMENTS = YES;
				CLANG_WARN_EMPTY_BODY = YES;
				CLANG_WARN_ENUM_CONVERSION = YES;
				CLANG_WARN_INFINITE_RECURSION = YES;
				CLANG_WARN_INT_CONVERSION = YES;
				CLANG_WARN_NON_LITERAL_NULL_CONVERSION = YES;
				CLANG_WARN_OBJC_IMPLICIT_RETAIN_SELF = YES;
				CLANG_WARN_OBJC_LITERAL_CONVERSION = YES;
				CLANG_WARN_OBJC_ROOT_CLASS = YES_ERROR;
				CLANG_WARN_QUOTED_INCLUDE_IN_FRAMEWORK_HEADER = YES;
				CLANG_WARN_RANGE_LOOP_ANALYSIS = YES;
				CLANG_WARN_STRICT_PROTOTYPES = YES;
				CLANG_WARN_SUSPICIOUS_MOVE = YES;
				CLANG_WARN_UNGUARDED_AVAILABILITY = YES_AGGRESSIVE;
				CLANG_WARN_UNREACHABLE_CODE = YES;
				CLANG_WARN__DUPLICATE_METHOD_MATCH = YES;
				COPY_PHASE_STRIP = NO;
				DEBUG_INFORMATION_FORMAT = dwarf;
				ENABLE_STRICT_OBJC_MSGSEND = YES;
				ENABLE_TESTABILITY = YES;
				GCC_C_LANGUAGE_STANDARD = gnu11;
				GCC_DYNAMIC_NO_PIC = NO;
				GCC_NO_COMMON_BLOCKS = YES;
				GCC_OPTIMIZATION_LEVEL = 0;
				GCC_PREPROCESSOR_DEFINITIONS = (
					"DEBUG=1",
					"$(inherited)",
				);
				GCC_WARN_64_TO_32_BIT_CONVERSION = YES;
				GCC_WARN_ABOUT_RETURN_TYPE = YES_ERROR;
				GCC_WARN_UNDECLARED_SELECTOR = YES;
				GCC_WARN_UNINITIALIZED_AUTOS = YES_AGGRESSIVE;
				GCC_WARN_UNUSED_FUNCTION = YES;
				GCC_WARN_UNUSED_VARIABLE = YES;
				IPHONEOS_DEPLOYMENT_TARGET = 16.4;
				MTL_ENABLE_DEBUG_INFO = INCLUDE_SOURCE;
				MTL_FAST_MATH = YES;
				ONLY_ACTIVE_ARCH = YES;
				SDKROOT = iphoneos;
				SWIFT_ACTIVE_COMPILATION_CONDITIONS = DEBUG;
				SWIFT_OPTIMIZATION_LEVEL = "-Onone";
			};
			name = Debug;
		};
		054CA47E2BEFB9F300F9BF0B /* Release */ = {
			isa = XCBuildConfiguration;
			buildSettings = {
				ALWAYS_SEARCH_USER_PATHS = NO;
				CLANG_ANALYZER_NONNULL = YES;
				CLANG_ANALYZER_NUMBER_OBJECT_CONVERSION = YES_AGGRESSIVE;
				CLANG_CXX_LANGUAGE_STANDARD = "gnu++20";
				CLANG_ENABLE_MODULES = YES;
				CLANG_ENABLE_OBJC_ARC = YES;
				CLANG_ENABLE_OBJC_WEAK = YES;
				CLANG_WARN_BLOCK_CAPTURE_AUTORELEASING = YES;
				CLANG_WARN_BOOL_CONVERSION = YES;
				CLANG_WARN_COMMA = YES;
				CLANG_WARN_CONSTANT_CONVERSION = YES;
				CLANG_WARN_DEPRECATED_OBJC_IMPLEMENTATIONS = YES;
				CLANG_WARN_DIRECT_OBJC_ISA_USAGE = YES_ERROR;
				CLANG_WARN_DOCUMENTATION_COMMENTS = YES;
				CLANG_WARN_EMPTY_BODY = YES;
				CLANG_WARN_ENUM_CONVERSION = YES;
				CLANG_WARN_INFINITE_RECURSION = YES;
				CLANG_WARN_INT_CONVERSION = YES;
				CLANG_WARN_NON_LITERAL_NULL_CONVERSION = YES;
				CLANG_WARN_OBJC_IMPLICIT_RETAIN_SELF = YES;
				CLANG_WARN_OBJC_LITERAL_CONVERSION = YES;
				CLANG_WARN_OBJC_ROOT_CLASS = YES_ERROR;
				CLANG_WARN_QUOTED_INCLUDE_IN_FRAMEWORK_HEADER = YES;
				CLANG_WARN_RANGE_LOOP_ANALYSIS = YES;
				CLANG_WARN_STRICT_PROTOTYPES = YES;
				CLANG_WARN_SUSPICIOUS_MOVE = YES;
				CLANG_WARN_UNGUARDED_AVAILABILITY = YES_AGGRESSIVE;
				CLANG_WARN_UNREACHABLE_CODE = YES;
				CLANG_WARN__DUPLICATE_METHOD_MATCH = YES;
				COPY_PHASE_STRIP = NO;
				DEBUG_INFORMATION_FORMAT = "dwarf-with-dsym";
				ENABLE_NS_ASSERTIONS = NO;
				ENABLE_STRICT_OBJC_MSGSEND = YES;
				GCC_C_LANGUAGE_STANDARD = gnu11;
				GCC_NO_COMMON_BLOCKS = YES;
				GCC_WARN_64_TO_32_BIT_CONVERSION = YES;
				GCC_WARN_ABOUT_RETURN_TYPE = YES_ERROR;
				GCC_WARN_UNDECLARED_SELECTOR = YES;
				GCC_WARN_UNINITIALIZED_AUTOS = YES_AGGRESSIVE;
				GCC_WARN_UNUSED_FUNCTION = YES;
				GCC_WARN_UNUSED_VARIABLE = YES;
				IPHONEOS_DEPLOYMENT_TARGET = 16.4;
				MTL_ENABLE_DEBUG_INFO = NO;
				MTL_FAST_MATH = YES;
				SDKROOT = iphoneos;
				SWIFT_COMPILATION_MODE = wholemodule;
				SWIFT_OPTIMIZATION_LEVEL = "-O";
				VALIDATE_PRODUCT = YES;
			};
			name = Release;
		};
		054CA4802BEFB9F300F9BF0B /* Debug */ = {
			isa = XCBuildConfiguration;
			buildSettings = {
				ASSETCATALOG_COMPILER_APPICON_NAME = AppIcon;
				ASSETCATALOG_COMPILER_GLOBAL_ACCENT_COLOR_NAME = AccentColor;
				CODE_SIGN_STYLE = Automatic;
				CURRENT_PROJECT_VERSION = 1;
				DEVELOPMENT_ASSET_PATHS = "\"Equifarm/Preview Content\"";
				DEVELOPMENT_TEAM = TN8F86PNVM;
				ENABLE_PREVIEWS = YES;
				GENERATE_INFOPLIST_FILE = YES;
				INFOPLIST_FILE = Equifarm/Info.plist;
				INFOPLIST_KEY_NSLocationWhenInUseUsageDescription = "We need your location to show your farm on the map.";
				INFOPLIST_KEY_UIApplicationSceneManifest_Generation = YES;
				INFOPLIST_KEY_UIApplicationSupportsIndirectInputEvents = YES;
				INFOPLIST_KEY_UILaunchScreen_Generation = YES;
				INFOPLIST_KEY_UISupportedInterfaceOrientations_iPad = "UIInterfaceOrientationPortrait UIInterfaceOrientationPortraitUpsideDown UIInterfaceOrientationLandscapeLeft UIInterfaceOrientationLandscapeRight";
				INFOPLIST_KEY_UISupportedInterfaceOrientations_iPhone = "UIInterfaceOrientationPortrait UIInterfaceOrientationLandscapeLeft UIInterfaceOrientationLandscapeRight";
				LD_RUNPATH_SEARCH_PATHS = (
					"$(inherited)",
					"@executable_path/Frameworks",
				);
				MARKETING_VERSION = 1.0;
				PRODUCT_BUNDLE_IDENTIFIER = com.kibichy.Equifarm;
				PRODUCT_NAME = "$(TARGET_NAME)";
				SWIFT_EMIT_LOC_STRINGS = YES;
				SWIFT_VERSION = 5.0;
				TARGETED_DEVICE_FAMILY = "1,2";
			};
			name = Debug;
		};
		054CA4812BEFB9F300F9BF0B /* Release */ = {
			isa = XCBuildConfiguration;
			buildSettings = {
				ASSETCATALOG_COMPILER_APPICON_NAME = AppIcon;
				ASSETCATALOG_COMPILER_GLOBAL_ACCENT_COLOR_NAME = AccentColor;
				CODE_SIGN_STYLE = Automatic;
				CURRENT_PROJECT_VERSION = 1;
				DEVELOPMENT_ASSET_PATHS = "\"Equifarm/Preview Content\"";
				DEVELOPMENT_TEAM = TN8F86PNVM;
				ENABLE_PREVIEWS = YES;
				GENERATE_INFOPLIST_FILE = YES;
				INFOPLIST_FILE = Equifarm/Info.plist;
				INFOPLIST_KEY_NSLocationWhenInUseUsageDescription = "We need your location to show your farm on the map.";
				INFOPLIST_KEY_UIApplicationSceneManifest_Generation = YES;
				INFOPLIST_KEY_UIApplicationSupportsIndirectInputEvents = YES;
				INFOPLIST_KEY_UILaunchScreen_Generation = YES;
				INFOPLIST_KEY_UISupportedInterfaceOrientations_iPad = "UIInterfaceOrientationPortrait UIInterfaceOrientationPortraitUpsideDown UIInterfaceOrientationLandscapeLeft UIInterfaceOrientationLandscapeRight";
				INFOPLIST_KEY_UISupportedInterfaceOrientations_iPhone = "UIInterfaceOrientationPortrait UIInterfaceOrientationLandscapeLeft UIInterfaceOrientationLandscapeRight";
				LD_RUNPATH_SEARCH_PATHS = (
					"$(inherited)",
					"@executable_path/Frameworks",
				);
				MARKETING_VERSION = 1.0;
				PRODUCT_BUNDLE_IDENTIFIER = com.kibichy.Equifarm;
				PRODUCT_NAME = "$(TARGET_NAME)";
				SWIFT_EMIT_LOC_STRINGS = YES;
				SWIFT_VERSION = 5.0;
				TARGETED_DEVICE_FAMILY = "1,2";
			};
			name = Release;
		};
/* End XCBuildConfiguration section */

/* Begin XCConfigurationList section */
		054CA46C2BEFB9F200F9BF0B /* Build configuration list for PBXProject "Equifarm" */ = {
			isa = XCConfigurationList;
			buildConfigurations = (
				054CA47D2BEFB9F300F9BF0B /* Debug */,
				054CA47E2BEFB9F300F9BF0B /* Release */,
			);
			defaultConfigurationIsVisible = 0;
			defaultConfigurationName = Release;
		};
		054CA47F2BEFB9F300F9BF0B /* Build configuration list for PBXNativeTarget "Equifarm" */ = {
			isa = XCConfigurationList;
			buildConfigurations = (
				054CA4802BEFB9F300F9BF0B /* Debug */,
				054CA4812BEFB9F300F9BF0B /* Release */,
			);
			defaultConfigurationIsVisible = 0;
			defaultConfigurationName = Release;
		};
/* End XCConfigurationList section */

/* Begin XCRemoteSwiftPackageReference section */
		059394FE2C46641B002211C4 /* XCRemoteSwiftPackageReference "OpenAISwift" */ = {
			isa = XCRemoteSwiftPackageReference;
			repositoryURL = "https://github.com/adamrushy/OpenAISwift";
			requirement = {
				kind = upToNextMajorVersion;
				minimumVersion = 1.0.0;
			};
		};
/* End XCRemoteSwiftPackageReference section */

/* Begin XCSwiftPackageProductDependency section */
		059394FF2C46641B002211C4 /* OpenAISwift */ = {
			isa = XCSwiftPackageProductDependency;
			package = 059394FE2C46641B002211C4 /* XCRemoteSwiftPackageReference "OpenAISwift" */;
			productName = OpenAISwift;
		};
/* End XCSwiftPackageProductDependency section */
	};
	rootObject = 054CA4692BEFB9F200F9BF0B /* Project object */;
}
